
Microsoft Visual Studio Solution File, Format Version 12.00
# Visual Studio Version 18
VisualStudioVersion = 18.0.11201.2
MinimumVisualStudioVersion = 10.0.40219.1
Project("{FAE04EC0-301F-11D3-BF4B-00C04F79EFBC}") = "BlueDotBrigade.Analyzers", "Src\BlueDotBrigade.Analyzers\BlueDotBrigade.Analyzers.csproj", "{5CA8DE41-CF3B-4EB9-B6C3-4B8F7BBD3D6E}"
EndProject
Project("{FAE04EC0-301F-11D3-BF4B-00C04F79EFBC}") = "BlueDotBrigade.Analyzers.UnitTests", "Tst\BlueDotBrigade.Analyzers.UnitTests\BlueDotBrigade.Analyzers.UnitTests.csproj", "{FC79CD7C-4F1E-468D-ADF2-3D46DE057B1C}"
EndProject
Project("{2150E333-8FDC-42A3-9474-1A3956D46DE8}") = "Solution Items", "Solution Items", "{5B57D98F-4C5A-458D-ABA1-CDF0DD1998CB}"
	ProjectSection(SolutionItems) = preProject
		Directory.Build.props = Directory.Build.props
		.github\workflows\dotnet.yml = .github\workflows\dotnet.yml
		README.md = README.md
	EndProjectSection
EndProject
Project("{FAE04EC0-301F-11D3-BF4B-00C04F79EFBC}") = "Demo", "Tst\Demo\Demo.csproj", "{E7F663A0-2D97-4F86-8FE2-3154D0F88CAF}"
EndProject
Global
	GlobalSection(SolutionConfigurationPlatforms) = preSolution
		Debug|Any CPU = Debug|Any CPU
		Release|Any CPU = Release|Any CPU
	EndGlobalSection
	GlobalSection(ProjectConfigurationPlatforms) = postSolution
		{5CA8DE41-CF3B-4EB9-B6C3-4B8F7BBD3D6E}.Debug|Any CPU.ActiveCfg = Debug|Any CPU
		{5CA8DE41-CF3B-4EB9-B6C3-4B8F7BBD3D6E}.Debug|Any CPU.Build.0 = Debug|Any CPU
		{5CA8DE41-CF3B-4EB9-B6C3-4B8F7BBD3D6E}.Release|Any CPU.ActiveCfg = Release|Any CPU
		{5CA8DE41-CF3B-4EB9-B6C3-4B8F7BBD3D6E}.Release|Any CPU.Build.0 = Release|Any CPU
		{FC79CD7C-4F1E-468D-ADF2-3D46DE057B1C}.Debug|Any CPU.ActiveCfg = Debug|Any CPU
		{FC79CD7C-4F1E-468D-ADF2-3D46DE057B1C}.Debug|Any CPU.Build.0 = Debug|Any CPU
		{FC79CD7C-4F1E-468D-ADF2-3D46DE057B1C}.Release|Any CPU.ActiveCfg = Release|Any CPU
		{FC79CD7C-4F1E-468D-ADF2-3D46DE057B1C}.Release|Any CPU.Build.0 = Release|Any CPU
		{E7F663A0-2D97-4F86-8FE2-3154D0F88CAF}.Debug|Any CPU.ActiveCfg = Debug|Any CPU
		{E7F663A0-2D97-4F86-8FE2-3154D0F88CAF}.Debug|Any CPU.Build.0 = Debug|Any CPU
		{E7F663A0-2D97-4F86-8FE2-3154D0F88CAF}.Release|Any CPU.ActiveCfg = Release|Any CPU
		{E7F663A0-2D97-4F86-8FE2-3154D0F88CAF}.Release|Any CPU.Build.0 = Release|Any CPU
	EndGlobalSection
	GlobalSection(SolutionProperties) = preSolution
		HideSolutionNode = FALSE
	EndGlobalSection
	GlobalSection(ExtensibilityGlobals) = postSolution
		SolutionGuid = {27A9B0BF-70AF-4574-B50E-49319BAF25D8}
	EndGlobalSection
EndGlobal
